PODS:
  - BaseAPI (0.1.12)
  - CrowdinSDK/Core (1.2.1)
  - CrowdinSDK/CrowdinAPI (1.2.1):
    - BaseAPI (~> 0.1.12)
    - CrowdinSDK/Logs
    - Starscream (~> 3.1.0)
  - CrowdinSDK/CrowdinProvider (1.2.1):
    - CrowdinSDK/Core
    - CrowdinSDK/CrowdinAPI
    - CrowdinSDK/Logs
  - CrowdinSDK/IntervalUpdate (1.2.1):
    - CrowdinSDK/Core
    - CrowdinSDK/CrowdinAPI
    - CrowdinSDK/CrowdinProvider
  - CrowdinSDK/LoginFeature (1.2.1):
    - BaseAPI (~> 0.1.12)
    - CrowdinSDK/Core
    - CrowdinSDK/CrowdinAPI
    - CrowdinSDK/CrowdinProvider
  - CrowdinSDK/Logs (1.2.1)
  - CrowdinSDK/RealtimeUpdate (1.2.1):
    - CrowdinSDK/Core
    - CrowdinSDK/CrowdinAPI
    - CrowdinSDK/CrowdinProvider
    - CrowdinSDK/LoginFeature
  - CrowdinSDK/RefreshLocalization (1.2.1):
    - CrowdinSDK/Core
    - CrowdinSDK/CrowdinAPI
    - CrowdinSDK/CrowdinProvider
  - CrowdinSDK/Screenshots (1.2.1):
    - CrowdinSDK/Core
    - CrowdinSDK/CrowdinAPI
    - CrowdinSDK/CrowdinProvider
    - CrowdinSDK/LoginFeature
  - CrowdinSDK/Settings (1.2.1):
    - CrowdinSDK/Core
    - CrowdinSDK/CrowdinAPI
    - CrowdinSDK/CrowdinProvider
    - CrowdinSDK/IntervalUpdate
    - CrowdinSDK/LoginFeature
    - CrowdinSDK/RealtimeUpdate
    - CrowdinSDK/RefreshLocalization
    - CrowdinSDK/Screenshots
  - Realm (4.3.1):
    - Realm/Headers (= 4.3.1)
  - Realm/Headers (4.3.1)
  - RealmSwift (4.3.1):
    - Realm (= 4.3.1)
  - Starscream (3.1.1)
  - SwiftDate (6.3.1)
  - SwiftLint (0.41.0)

DEPENDENCIES:
  - CrowdinSDK/Settings (from `../`)
  - RealmSwift (= 4.3.1)
  - SwiftDate
  - SwiftLint

SPEC REPOS:
  trunk:
    - BaseAPI
    - Realm
    - RealmSwift
    - Starscream
    - SwiftDate
    - SwiftLint

EXTERNAL SOURCES:
  CrowdinSDK:
    :path: "../"

SPEC CHECKSUMS:
  BaseAPI: 84c9b49d75b8be1e9d7facd66bd14082eee499e4
  CrowdinSDK: 75c3384b9fd9081cb9d8009e9a4c222301c91e26
  Realm: 31dc40934081ef740f60feedc46d88473cbfeb40
  RealmSwift: b5199e9a41f67b99f51acf6874a6166f5fbe93d1
  Starscream: 4bb2f9942274833f7b4d296a55504dcfc7edb7b0
  SwiftDate: 72d28954e8e1c6c1c0f917ccc8005e4f83c7d4b2
  SwiftLint: c585ebd615d9520d7fbdbe151f527977b0534f1e

PODFILE CHECKSUM: 039dfa317e86dfe524af85b8816460f689111a5a

COCOAPODS: 1.10.0
