PODS:
  - BaseAPI (0.2.2)
  - CrowdinSDK (1.16.1):
    - CrowdinSDK/Core (= 1.16.1)
    - CrowdinSDK/CrowdinProvider (= 1.16.1)
  - CrowdinSDK/Core (1.16.1):
    - CrowdinSDK/CrowdinFileSystem
  - CrowdinSDK/Core_Tests (1.16.1)
  - CrowdinSDK/CrowdinAPI (1.16.1):
    - BaseAPI (~> 0.2.2)
    - CrowdinSDK/Core
  - CrowdinSDK/CrowdinAPI_Tests (1.16.1)
  - CrowdinSDK/CrowdinFileSystem (1.16.1)
  - CrowdinSDK/CrowdinProvider (1.16.1):
    - CrowdinSDK/Core
    - CrowdinSDK/CrowdinAPI
    - CrowdinSDK/CrowdinFileSystem
  - CrowdinSDK/CrowdinProvider_Tests (1.16.1)
  - CrowdinSDK/LoginFeature (1.16.1):
    - BaseAPI (~> 0.2.2)
    - CrowdinSDK/Core
    - CrowdinSDK/CrowdinAPI
    - CrowdinSDK/CrowdinProvider
  - CrowdinSDK/RealtimeUpdate (1.16.1):
    - CrowdinSDK/Core
    - CrowdinSDK/CrowdinAPI
    - CrowdinSDK/CrowdinProvider
    - CrowdinSDK/LoginFeature
    - Starscream (~> 4.0.4)
  - Starscream (4.0.8)

DEPENDENCIES:
  - CrowdinSDK (from `../`)
  - CrowdinSDK/Core_Tests (from `../`)
  - CrowdinSDK/CrowdinAPI_Tests (from `../`)
  - CrowdinSDK/CrowdinProvider (from `../`)
  - CrowdinSDK/CrowdinProvider_Tests (from `../`)
  - CrowdinSDK/LoginFeature (from `../`)
  - CrowdinSDK/RealtimeUpdate (from `../`)

SPEC REPOS:
  trunk:
    - BaseAPI
    - Starscream

EXTERNAL SOURCES:
  CrowdinSDK:
    :path: "../"

SPEC CHECKSUMS:
  BaseAPI: 7d1c79778a5c85f8e05f5e5c9d7f9be6474a53eb
  CrowdinSDK: e413ddbc94f874a60cd43c7a9c569d0a9417756c
  Starscream: 19b5533ddb925208db698f0ac508a100b884a1b9

PODFILE CHECKSUM: ba3e07a525c4a08b7702a51ba770e0d0c9c84310

COCOAPODS: 1.16.2
