PODS:
  - BaseAPI (0.2.0)
  - CrowdinSDK (1.3.1):
    - CrowdinSDK/Core (= 1.3.1)
    - CrowdinSDK/CrowdinProvider (= 1.3.1)
  - CrowdinSDK/Core (1.3.1)
  - CrowdinSDK/Core_Tests (1.3.1)
  - CrowdinSDK/CrowdinAPI (1.3.1):
    - BaseAPI (~> 0.2.0)
    - CrowdinSDK/Core
    - Starscream (~> 3.1.0)
  - CrowdinSDK/CrowdinAPI_Tests (1.3.1)
  - CrowdinSDK/CrowdinProvider (1.3.1):
    - CrowdinSDK/Core
    - CrowdinSDK/CrowdinAPI
  - CrowdinSDK/CrowdinProvider_Tests (1.3.1)
  - CrowdinSDK/LoginFeature (1.3.1):
    - BaseAPI (~> 0.2.0)
    - CrowdinSDK/Core
    - CrowdinSDK/CrowdinAPI
    - CrowdinSDK/CrowdinProvider
  - Starscream (3.1.1)

DEPENDENCIES:
  - CrowdinSDK (from `../`)
  - CrowdinSDK/Core_Tests (from `../`)
  - CrowdinSDK/CrowdinAPI_Tests (from `../`)
  - CrowdinSDK/CrowdinProvider (from `../`)
  - CrowdinSDK/CrowdinProvider_Tests (from `../`)
  - CrowdinSDK/LoginFeature (from `../`)

SPEC REPOS:
  trunk:
    - BaseAPI
    - Starscream

EXTERNAL SOURCES:
  CrowdinSDK:
    :path: "../"

SPEC CHECKSUMS:
  BaseAPI: 4f0d1ef6d80428f75d54fdc716f6f02103c04eb1
  CrowdinSDK: d74df5d335b7a858ea97ed3a72e80b398dcdd5da
  Starscream: 4bb2f9942274833f7b4d296a55504dcfc7edb7b0

PODFILE CHECKSUM: fceddbe439fbdf6f01a1c0846d9a124b7a7e4b56

COCOAPODS: 1.11.2
