PODS:
  - BaseAPI (0.2.0)
  - CrowdinSDK (1.4.0):
    - CrowdinSDK/Core (= 1.4.0)
    - CrowdinSDK/CrowdinProvider (= 1.4.0)
  - CrowdinSDK/Core (1.4.0)
  - CrowdinSDK/CrowdinAPI (1.4.0):
    - BaseAPI (~> 0.2.0)
    - CrowdinSDK/Core
    - Starscream (~> 3.1.0)
  - CrowdinSDK/CrowdinProvider (1.4.0):
    - CrowdinSDK/Core
    - CrowdinSDK/CrowdinAPI
  - Starscream (3.1.1)

DEPENDENCIES:
  - CrowdinSDK (from `../`)

SPEC REPOS:
  trunk:
    - BaseAPI
    - Starscream

EXTERNAL SOURCES:
  CrowdinSDK:
    :path: "../"

SPEC CHECKSUMS:
  BaseAPI: 4f0d1ef6d80428f75d54fdc716f6f02103c04eb1
  CrowdinSDK: 4649f75d241427df9c7cd302e81764f2f3c236bc
  Starscream: 4bb2f9942274833f7b4d296a55504dcfc7edb7b0

PODFILE CHECKSUM: f3277f5a7ea93e9aea586360c382e16466237cd2

COCOAPODS: 1.11.2
