PODS:
  - BaseAPI (0.1.7)
  - CrowdinSDK (1.1.3):
    - CrowdinSDK/Core (= 1.1.3)
    - CrowdinSDK/CrowdinProvider (= 1.1.3)
  - CrowdinSDK/Core (1.1.3)
  - CrowdinSDK/CrowdinAPI (1.1.3):
    - BaseAPI (= 0.1.7)
    - Starscream (~> 3.1.0)
  - CrowdinSDK/CrowdinProvider (1.1.3):
    - CrowdinSDK/Core
    - CrowdinSDK/CrowdinAPI
  - Starscream (3.1.1)

DEPENDENCIES:
  - CrowdinSDK (from `../`)

SPEC REPOS:
  trunk:
    - BaseAPI
    - Starscream

EXTERNAL SOURCES:
  CrowdinSDK:
    :path: "../"

SPEC CHECKSUMS:
  BaseAPI: 78f88151221ac5d2dcc2dda69cf3aab6773fd8eb
  CrowdinSDK: 1d772e9b879ed6260ea57e9cf5c2aaad9483833e
  Starscream: 4bb2f9942274833f7b4d296a55504dcfc7edb7b0

PODFILE CHECKSUM: f3277f5a7ea93e9aea586360c382e16466237cd2

COCOAPODS: 1.9.3
