// !$*UTF8*$!
{
	archiveVersion = 1;
	classes = {
	};
	objectVersion = 50;
	objects = {

/* Begin PBXBuildFile section */
		922CD8C7224DB3B300D62777 /* Empty.swift in Sources */ = {isa = PBXBuildFile; fileRef = 922CD8C6224DB3B300D62777 /* Empty.swift */; };
		92DC5366224DB30E00431575 /* AppDelegate.m in Sources */ = {isa = PBXBuildFile; fileRef = 92DC5365224DB30E00431575 /* AppDelegate.m */; };
		92DC5369224DB30E00431575 /* ViewController.m in Sources */ = {isa = PBXBuildFile; fileRef = 92DC5368224DB30E00431575 /* ViewController.m */; };
		92DC536C224DB30E00431575 /* Main.storyboard in Resources */ = {isa = PBXBuildFile; fileRef = 92DC536A224DB30E00431575 /* Main.storyboard */; };
		92DC536E224DB30F00431575 /* Assets.xcassets in Resources */ = {isa = PBXBuildFile; fileRef = 92DC536D224DB30F00431575 /* Assets.xcassets */; };
		92DC5371224DB30F00431575 /* LaunchScreen.storyboard in Resources */ = {isa = PBXBuildFile; fileRef = 92DC536F224DB30F00431575 /* LaunchScreen.storyboard */; };
		92DC5374224DB30F00431575 /* main.m in Sources */ = {isa = PBXBuildFile; fileRef = 92DC5373224DB30F00431575 /* main.m */; };
		96F4F894B2CAC265800DEEA2 /* Pods_CrowdinSDK.framework in Frameworks */ = {isa = PBXBuildFile; fileRef = A2A264E8B388045AC1D49229 /* Pods_CrowdinSDK.framework */; };
/* End PBXBuildFile section */

/* Begin PBXFileReference section */
		126D67F95DDCCAB004CA100A /* Pods-CrowdinSDK.debug.xcconfig */ = {isa = PBXFileReference; includeInIndex = 1; lastKnownFileType = text.xcconfig; name = "Pods-CrowdinSDK.debug.xcconfig"; path = "Target Support Files/Pods-CrowdinSDK/Pods-CrowdinSDK.debug.xcconfig"; sourceTree = "<group>"; };
		922CD8C5224DB3B200D62777 /* CrowdinSDK-Bridging-Header.h */ = {isa = PBXFileReference; lastKnownFileType = sourcecode.c.h; path = "CrowdinSDK-Bridging-Header.h"; sourceTree = "<group>"; };
		922CD8C6224DB3B300D62777 /* Empty.swift */ = {isa = PBXFileReference; lastKnownFileType = sourcecode.swift; path = Empty.swift; sourceTree = "<group>"; };
		92DC5361224DB30E00431575 /* CrowdinSDK.app */ = {isa = PBXFileReference; explicitFileType = wrapper.application; includeInIndex = 0; path = CrowdinSDK.app; sourceTree = BUILT_PRODUCTS_DIR; };
		92DC5364224DB30E00431575 /* AppDelegate.h */ = {isa = PBXFileReference; lastKnownFileType = sourcecode.c.h; path = AppDelegate.h; sourceTree = "<group>"; };
		92DC5365224DB30E00431575 /* AppDelegate.m */ = {isa = PBXFileReference; lastKnownFileType = sourcecode.c.objc; path = AppDelegate.m; sourceTree = "<group>"; };
		92DC5367224DB30E00431575 /* ViewController.h */ = {isa = PBXFileReference; lastKnownFileType = sourcecode.c.h; path = ViewController.h; sourceTree = "<group>"; };
		92DC5368224DB30E00431575 /* ViewController.m */ = {isa = PBXFileReference; lastKnownFileType = sourcecode.c.objc; path = ViewController.m; sourceTree = "<group>"; };
		92DC536B224DB30E00431575 /* Base */ = {isa = PBXFileReference; lastKnownFileType = file.storyboard; name = Base; path = Base.lproj/Main.storyboard; sourceTree = "<group>"; };
		92DC536D224DB30F00431575 /* Assets.xcassets */ = {isa = PBXFileReference; lastKnownFileType = folder.assetcatalog; path = Assets.xcassets; sourceTree = "<group>"; };
		92DC5370224DB30F00431575 /* Base */ = {isa = PBXFileReference; lastKnownFileType = file.storyboard; name = Base; path = Base.lproj/LaunchScreen.storyboard; sourceTree = "<group>"; };
		92DC5372224DB30F00431575 /* Info.plist */ = {isa = PBXFileReference; lastKnownFileType = text.plist.xml; path = Info.plist; sourceTree = "<group>"; };
		92DC5373224DB30F00431575 /* main.m */ = {isa = PBXFileReference; lastKnownFileType = sourcecode.c.objc; path = main.m; sourceTree = "<group>"; };
		A2A264E8B388045AC1D49229 /* Pods_CrowdinSDK.framework */ = {isa = PBXFileReference; explicitFileType = wrapper.framework; includeInIndex = 0; path = Pods_CrowdinSDK.framework; sourceTree = BUILT_PRODUCTS_DIR; };
		D707AF26374CCE094AB46104 /* Pods-CrowdinSDK.release.xcconfig */ = {isa = PBXFileReference; includeInIndex = 1; lastKnownFileType = text.xcconfig; name = "Pods-CrowdinSDK.release.xcconfig"; path = "Target Support Files/Pods-CrowdinSDK/Pods-CrowdinSDK.release.xcconfig"; sourceTree = "<group>"; };
/* End PBXFileReference section */

/* Begin PBXFrameworksBuildPhase section */
		92DC535E224DB30E00431575 /* Frameworks */ = {
			isa = PBXFrameworksBuildPhase;
			buildActionMask = 2147483647;
			files = (
				96F4F894B2CAC265800DEEA2 /* Pods_CrowdinSDK.framework in Frameworks */,
			);
			runOnlyForDeploymentPostprocessing = 0;
		};
/* End PBXFrameworksBuildPhase section */

/* Begin PBXGroup section */
		20F8A2ACC2BD64AB279EA0D6 /* Pods */ = {
			isa = PBXGroup;
			children = (
				126D67F95DDCCAB004CA100A /* Pods-CrowdinSDK.debug.xcconfig */,
				D707AF26374CCE094AB46104 /* Pods-CrowdinSDK.release.xcconfig */,
			);
			path = Pods;
			sourceTree = "<group>";
		};
		92DC5358224DB30E00431575 = {
			isa = PBXGroup;
			children = (
				92DC5363224DB30E00431575 /* CrowdinSDK */,
				92DC5362224DB30E00431575 /* Products */,
				20F8A2ACC2BD64AB279EA0D6 /* Pods */,
				A37E453A01709E818C996753 /* Frameworks */,
			);
			sourceTree = "<group>";
		};
		92DC5362224DB30E00431575 /* Products */ = {
			isa = PBXGroup;
			children = (
				92DC5361224DB30E00431575 /* CrowdinSDK.app */,
			);
			name = Products;
			sourceTree = "<group>";
		};
		92DC5363224DB30E00431575 /* CrowdinSDK */ = {
			isa = PBXGroup;
			children = (
				92DC5364224DB30E00431575 /* AppDelegate.h */,
				92DC5365224DB30E00431575 /* AppDelegate.m */,
				92DC5367224DB30E00431575 /* ViewController.h */,
				92DC5368224DB30E00431575 /* ViewController.m */,
				92DC536A224DB30E00431575 /* Main.storyboard */,
				92DC536D224DB30F00431575 /* Assets.xcassets */,
				92DC536F224DB30F00431575 /* LaunchScreen.storyboard */,
				92DC5372224DB30F00431575 /* Info.plist */,
				92DC5373224DB30F00431575 /* main.m */,
				922CD8C6224DB3B300D62777 /* Empty.swift */,
				922CD8C5224DB3B200D62777 /* CrowdinSDK-Bridging-Header.h */,
			);
			path = CrowdinSDK;
			sourceTree = "<group>";
		};
		A37E453A01709E818C996753 /* Frameworks */ = {
			isa = PBXGroup;
			children = (
				A2A264E8B388045AC1D49229 /* Pods_CrowdinSDK.framework */,
			);
			name = Frameworks;
			sourceTree = "<group>";
		};
/* End PBXGroup section */

/* Begin PBXNativeTarget section */
		92DC5360224DB30E00431575 /* CrowdinSDK */ = {
			isa = PBXNativeTarget;
			buildConfigurationList = 92DC5377224DB30F00431575 /* Build configuration list for PBXNativeTarget "CrowdinSDK" */;
			buildPhases = (
				52C3BE9BF64652387290F1D9 /* [CP] Check Pods Manifest.lock */,
				92DC535D224DB30E00431575 /* Sources */,
				92DC535E224DB30E00431575 /* Frameworks */,
				92DC535F224DB30E00431575 /* Resources */,
				AE4492CFA5D541C5C6D62066 /* [CP] Embed Pods Frameworks */,
			);
			buildRules = (
			);
			dependencies = (
			);
			name = CrowdinSDK;
			productName = CrowdinSDK;
			productReference = 92DC5361224DB30E00431575 /* CrowdinSDK.app */;
			productType = "com.apple.product-type.application";
		};
/* End PBXNativeTarget section */

/* Begin PBXProject section */
		92DC5359224DB30E00431575 /* Project object */ = {
			isa = PBXProject;
			attributes = {
				LastUpgradeCheck = 1020;
				ORGANIZATIONNAME = "Serhii Londar";
				TargetAttributes = {
					92DC5360224DB30E00431575 = {
						CreatedOnToolsVersion = 10.2;
						LastSwiftMigration = 1020;
					};
				};
			};
			buildConfigurationList = 92DC535C224DB30E00431575 /* Build configuration list for PBXProject "CrowdinSDK" */;
			compatibilityVersion = "Xcode 9.3";
			developmentRegion = en;
			hasScannedForEncodings = 0;
			knownRegions = (
				en,
				Base,
			);
			mainGroup = 92DC5358224DB30E00431575;
			productRefGroup = 92DC5362224DB30E00431575 /* Products */;
			projectDirPath = "";
			projectRoot = "";
			targets = (
				92DC5360224DB30E00431575 /* CrowdinSDK */,
			);
		};
/* End PBXProject section */

/* Begin PBXResourcesBuildPhase section */
		92DC535F224DB30E00431575 /* Resources */ = {
			isa = PBXResourcesBuildPhase;
			buildActionMask = 2147483647;
			files = (
				92DC5371224DB30F00431575 /* LaunchScreen.storyboard in Resources */,
				92DC536E224DB30F00431575 /* Assets.xcassets in Resources */,
				92DC536C224DB30E00431575 /* Main.storyboard in Resources */,
			);
			runOnlyForDeploymentPostprocessing = 0;
		};
/* End PBXResourcesBuildPhase section */

/* Begin PBXShellScriptBuildPhase section */
		52C3BE9BF64652387290F1D9 /* [CP] Check Pods Manifest.lock */ = {
			isa = PBXShellScriptBuildPhase;
			buildActionMask = 2147483647;
			files = (
			);
			inputFileListPaths = (
			);
			inputPaths = (
				"${PODS_PODFILE_DIR_PATH}/Podfile.lock",
				"${PODS_ROOT}/Manifest.lock",
			);
			name = "[CP] Check Pods Manifest.lock";
			outputFileListPaths = (
			);
			outputPaths = (
				"$(DERIVED_FILE_DIR)/Pods-CrowdinSDK-checkManifestLockResult.txt",
			);
			runOnlyForDeploymentPostprocessing = 0;
			shellPath = /bin/sh;
			shellScript = "diff \"${PODS_PODFILE_DIR_PATH}/Podfile.lock\" \"${PODS_ROOT}/Manifest.lock\" > /dev/null\nif [ $? != 0 ] ; then\n    # print error to STDERR\n    echo \"error: The sandbox is not in sync with the Podfile.lock. Run 'pod install' or update your CocoaPods installation.\" >&2\n    exit 1\nfi\n# This output is used by Xcode 'outputs' to avoid re-running this script phase.\necho \"SUCCESS\" > \"${SCRIPT_OUTPUT_FILE_0}\"\n";
			showEnvVarsInLog = 0;
		};
		AE4492CFA5D541C5C6D62066 /* [CP] Embed Pods Frameworks */ = {
			isa = PBXShellScriptBuildPhase;
			buildActionMask = 2147483647;
			files = (
			);
			inputFileListPaths = (
				"${PODS_ROOT}/Target Support Files/Pods-CrowdinSDK/Pods-CrowdinSDK-frameworks-${CONFIGURATION}-input-files.xcfilelist",
			);
			name = "[CP] Embed Pods Frameworks";
			outputFileListPaths = (
				"${PODS_ROOT}/Target Support Files/Pods-CrowdinSDK/Pods-CrowdinSDK-frameworks-${CONFIGURATION}-output-files.xcfilelist",
			);
			runOnlyForDeploymentPostprocessing = 0;
			shellPath = /bin/sh;
			shellScript = "\"${PODS_ROOT}/Target Support Files/Pods-CrowdinSDK/Pods-CrowdinSDK-frameworks.sh\"\n";
			showEnvVarsInLog = 0;
		};
/* End PBXShellScriptBuildPhase section */

/* Begin PBXSourcesBuildPhase section */
		92DC535D224DB30E00431575 /* Sources */ = {
			isa = PBXSourcesBuildPhase;
			buildActionMask = 2147483647;
			files = (
				92DC5369224DB30E00431575 /* ViewController.m in Sources */,
				922CD8C7224DB3B300D62777 /* Empty.swift in Sources */,
				92DC5374224DB30F00431575 /* main.m in Sources */,
				92DC5366224DB30E00431575 /* AppDelegate.m in Sources */,
			);
			runOnlyForDeploymentPostprocessing = 0;
		};
/* End PBXSourcesBuildPhase section */

/* Begin PBXVariantGroup section */
		92DC536A224DB30E00431575 /* Main.storyboard */ = {
			isa = PBXVariantGroup;
			children = (
				92DC536B224DB30E00431575 /* Base */,
			);
			name = Main.storyboard;
			sourceTree = "<group>";
		};
		92DC536F224DB30F00431575 /* LaunchScreen.storyboard */ = {
			isa = PBXVariantGroup;
			children = (
				92DC5370224DB30F00431575 /* Base */,
			);
			name = LaunchScreen.storyboard;
			sourceTree = "<group>";
		};
/* End PBXVariantGroup section */

/* Begin XCBuildConfiguration section */
		92DC5375224DB30F00431575 /* Debug */ = {
			isa = XCBuildConfiguration;
			buildSettings = {
				ALWAYS_SEARCH_USER_PATHS = NO;
				CLANG_ANALYZER_NONNULL = YES;
				CLANG_ANALYZER_NUMBER_OBJECT_CONVERSION = YES_AGGRESSIVE;
				CLANG_CXX_LANGUAGE_STANDARD = "gnu++14";
				CLANG_CXX_LIBRARY = "libc++";
				CLANG_ENABLE_MODULES = YES;
				CLANG_ENABLE_OBJC_ARC = YES;
				CLANG_ENABLE_OBJC_WEAK = YES;
				CLANG_WARN_BLOCK_CAPTURE_AUTORELEASING = YES;
				CLANG_WARN_BOOL_CONVERSION = YES;
				CLANG_WARN_COMMA = YES;
				CLANG_WARN_CONSTANT_CONVERSION = YES;
				CLANG_WARN_DEPRECATED_OBJC_IMPLEMENTATIONS = YES;
				CLANG_WARN_DIRECT_OBJC_ISA_USAGE = YES_ERROR;
				CLANG_WARN_DOCUMENTATION_COMMENTS = YES;
				CLANG_WARN_EMPTY_BODY = YES;
				CLANG_WARN_ENUM_CONVERSION = YES;
				CLANG_WARN_INFINITE_RECURSION = YES;
				CLANG_WARN_INT_CONVERSION = YES;
				CLANG_WARN_NON_LITERAL_NULL_CONVERSION = YES;
				CLANG_WARN_OBJC_IMPLICIT_RETAIN_SELF = YES;
				CLANG_WARN_OBJC_LITERAL_CONVERSION = YES;
				CLANG_WARN_OBJC_ROOT_CLASS = YES_ERROR;
				CLANG_WARN_RANGE_LOOP_ANALYSIS = YES;
				CLANG_WARN_STRICT_PROTOTYPES = YES;
				CLANG_WARN_SUSPICIOUS_MOVE = YES;
				CLANG_WARN_UNGUARDED_AVAILABILITY = YES_AGGRESSIVE;
				CLANG_WARN_UNREACHABLE_CODE = YES;
				CLANG_WARN__DUPLICATE_METHOD_MATCH = YES;
				CODE_SIGN_IDENTITY = "iPhone Developer";
				COPY_PHASE_STRIP = NO;
				DEBUG_INFORMATION_FORMAT = dwarf;
				ENABLE_STRICT_OBJC_MSGSEND = YES;
				ENABLE_TESTABILITY = YES;
				GCC_C_LANGUAGE_STANDARD = gnu11;
				GCC_DYNAMIC_NO_PIC = NO;
				GCC_NO_COMMON_BLOCKS = YES;
				GCC_OPTIMIZATION_LEVEL = 0;
				GCC_PREPROCESSOR_DEFINITIONS = (
					"DEBUG=1",
					"$(inherited)",
				);
				GCC_WARN_64_TO_32_BIT_CONVERSION = YES;
				GCC_WARN_ABOUT_RETURN_TYPE = YES_ERROR;
				GCC_WARN_UNDECLARED_SELECTOR = YES;
				GCC_WARN_UNINITIALIZED_AUTOS = YES_AGGRESSIVE;
				GCC_WARN_UNUSED_FUNCTION = YES;
				GCC_WARN_UNUSED_VARIABLE = YES;
				IPHONEOS_DEPLOYMENT_TARGET = 12.2;
				MTL_ENABLE_DEBUG_INFO = INCLUDE_SOURCE;
				MTL_FAST_MATH = YES;
				ONLY_ACTIVE_ARCH = YES;
				SDKROOT = iphoneos;
			};
			name = Debug;
		};
		92DC5376224DB30F00431575 /* Release */ = {
			isa = XCBuildConfiguration;
			buildSettings = {
				ALWAYS_SEARCH_USER_PATHS = NO;
				CLANG_ANALYZER_NONNULL = YES;
				CLANG_ANALYZER_NUMBER_OBJECT_CONVERSION = YES_AGGRESSIVE;
				CLANG_CXX_LANGUAGE_STANDARD = "gnu++14";
				CLANG_CXX_LIBRARY = "libc++";
				CLANG_ENABLE_MODULES = YES;
				CLANG_ENABLE_OBJC_ARC = YES;
				CLANG_ENABLE_OBJC_WEAK = YES;
				CLANG_WARN_BLOCK_CAPTURE_AUTORELEASING = YES;
				CLANG_WARN_BOOL_CONVERSION = YES;
				CLANG_WARN_COMMA = YES;
				CLANG_WARN_CONSTANT_CONVERSION = YES;
				CLANG_WARN_DEPRECATED_OBJC_IMPLEMENTATIONS = YES;
				CLANG_WARN_DIRECT_OBJC_ISA_USAGE = YES_ERROR;
				CLANG_WARN_DOCUMENTATION_COMMENTS = YES;
				CLANG_WARN_EMPTY_BODY = YES;
				CLANG_WARN_ENUM_CONVERSION = YES;
				CLANG_WARN_INFINITE_RECURSION = YES;
				CLANG_WARN_INT_CONVERSION = YES;
				CLANG_WARN_NON_LITERAL_NULL_CONVERSION = YES;
				CLANG_WARN_OBJC_IMPLICIT_RETAIN_SELF = YES;
				CLANG_WARN_OBJC_LITERAL_CONVERSION = YES;
				CLANG_WARN_OBJC_ROOT_CLASS = YES_ERROR;
				CLANG_WARN_RANGE_LOOP_ANALYSIS = YES;
				CLANG_WARN_STRICT_PROTOTYPES = YES;
				CLANG_WARN_SUSPICIOUS_MOVE = YES;
				CLANG_WARN_UNGUARDED_AVAILABILITY = YES_AGGRESSIVE;
				CLANG_WARN_UNREACHABLE_CODE = YES;
				CLANG_WARN__DUPLICATE_METHOD_MATCH = YES;
				CODE_SIGN_IDENTITY = "iPhone Developer";
				COPY_PHASE_STRIP = NO;
				DEBUG_INFORMATION_FORMAT = "dwarf-with-dsym";
				ENABLE_NS_ASSERTIONS = NO;
				ENABLE_STRICT_OBJC_MSGSEND = YES;
				GCC_C_LANGUAGE_STANDARD = gnu11;
				GCC_NO_COMMON_BLOCKS = YES;
				GCC_WARN_64_TO_32_BIT_CONVERSION = YES;
				GCC_WARN_ABOUT_RETURN_TYPE = YES_ERROR;
				GCC_WARN_UNDECLARED_SELECTOR = YES;
				GCC_WARN_UNINITIALIZED_AUTOS = YES_AGGRESSIVE;
				GCC_WARN_UNUSED_FUNCTION = YES;
				GCC_WARN_UNUSED_VARIABLE = YES;
				IPHONEOS_DEPLOYMENT_TARGET = 12.2;
				MTL_ENABLE_DEBUG_INFO = NO;
				MTL_FAST_MATH = YES;
				SDKROOT = iphoneos;
				VALIDATE_PRODUCT = YES;
			};
			name = Release;
		};
		92DC5378224DB30F00431575 /* Debug */ = {
			isa = XCBuildConfiguration;
			baseConfigurationReference = 126D67F95DDCCAB004CA100A /* Pods-CrowdinSDK.debug.xcconfig */;
			buildSettings = {
				ASSETCATALOG_COMPILER_APPICON_NAME = AppIcon;
				CLANG_ENABLE_MODULES = YES;
				CODE_SIGN_STYLE = Automatic;
				DEVELOPMENT_TEAM = 22AFPHX3AU;
				INFOPLIST_FILE = CrowdinSDK/Info.plist;
				LD_RUNPATH_SEARCH_PATHS = (
					"$(inherited)",
					"@executable_path/Frameworks",
				);
				PRODUCT_BUNDLE_IDENTIFIER = com.serhii.londar.CrowdinSDK;
				PRODUCT_NAME = "$(TARGET_NAME)";
				SWIFT_OBJC_BRIDGING_HEADER = "CrowdinSDK/CrowdinSDK-Bridging-Header.h";
				SWIFT_OPTIMIZATION_LEVEL = "-Onone";
				SWIFT_VERSION = 5.0;
				TARGETED_DEVICE_FAMILY = "1,2";
			};
			name = Debug;
		};
		92DC5379224DB30F00431575 /* Release */ = {
			isa = XCBuildConfiguration;
			baseConfigurationReference = D707AF26374CCE094AB46104 /* Pods-CrowdinSDK.release.xcconfig */;
			buildSettings = {
				ASSETCATALOG_COMPILER_APPICON_NAME = AppIcon;
				CLANG_ENABLE_MODULES = YES;
				CODE_SIGN_STYLE = Automatic;
				DEVELOPMENT_TEAM = 22AFPHX3AU;
				INFOPLIST_FILE = CrowdinSDK/Info.plist;
				LD_RUNPATH_SEARCH_PATHS = (
					"$(inherited)",
					"@executable_path/Frameworks",
				);
				PRODUCT_BUNDLE_IDENTIFIER = com.serhii.londar.CrowdinSDK;
				PRODUCT_NAME = "$(TARGET_NAME)";
				SWIFT_OBJC_BRIDGING_HEADER = "CrowdinSDK/CrowdinSDK-Bridging-Header.h";
				SWIFT_VERSION = 5.0;
				TARGETED_DEVICE_FAMILY = "1,2";
			};
			name = Release;
		};
/* End XCBuildConfiguration section */

/* Begin XCConfigurationList section */
		92DC535C224DB30E00431575 /* Build configuration list for PBXProject "CrowdinSDK" */ = {
			isa = XCConfigurationList;
			buildConfigurations = (
				92DC5375224DB30F00431575 /* Debug */,
				92DC5376224DB30F00431575 /* Release */,
			);
			defaultConfigurationIsVisible = 0;
			defaultConfigurationName = Release;
		};
		92DC5377224DB30F00431575 /* Build configuration list for PBXNativeTarget "CrowdinSDK" */ = {
			isa = XCConfigurationList;
			buildConfigurations = (
				92DC5378224DB30F00431575 /* Debug */,
				92DC5379224DB30F00431575 /* Release */,
			);
			defaultConfigurationIsVisible = 0;
			defaultConfigurationName = Release;
		};
/* End XCConfigurationList section */
	};
	rootObject = 92DC5359224DB30E00431575 /* Project object */;
}
