// !$*UTF8*$!
{
	archiveVersion = 1;
	classes = {
	};
	objectVersion = 54;
	objects = {

/* Begin PBXBuildFile section */
		03889E2498BE76977E18B335 /* Pods_Tests.framework in Frameworks */ = {isa = PBXBuildFile; fileRef = AAB6E45C19D79AEF67CEC319 /* Pods_Tests.framework */; };
		5BDB06CB673D1227873DEF28 /* Pods_TestsUITests.framework in Frameworks */ = {isa = PBXBuildFile; fileRef = 70A6DC0FB8A535F1AA2999A7 /* Pods_TestsUITests.framework */; };
		920E2A19234F5A2200FD3E12 /* Default-568h@2x.png in Resources */ = {isa = PBXBuildFile; fileRef = 920E2A18234F5A2200FD3E12 /* Default-568h@2x.png */; };
		AC134E62B46E8C4E451EA4CD /* Pods_TestsTests.framework in Frameworks */ = {isa = PBXBuildFile; fileRef = 1A367693F1E2D6901F12CC78 /* Pods_TestsTests.framework */; };
		E88AE264234D3F00000B6FC0 /* AppDelegate.swift in Sources */ = {isa = PBXBuildFile; fileRef = E88AE263234D3F00000B6FC0 /* AppDelegate.swift */; };
		E88AE268234D3F00000B6FC0 /* ViewController.swift in Sources */ = {isa = PBXBuildFile; fileRef = E88AE267234D3F00000B6FC0 /* ViewController.swift */; };
		E88AE26B234D3F00000B6FC0 /* Main.storyboard in Resources */ = {isa = PBXBuildFile; fileRef = E88AE269234D3F00000B6FC0 /* Main.storyboard */; };
		E88AE26D234D3F01000B6FC0 /* Assets.xcassets in Resources */ = {isa = PBXBuildFile; fileRef = E88AE26C234D3F01000B6FC0 /* Assets.xcassets */; };
		E88AE270234D3F01000B6FC0 /* LaunchScreen.storyboard in Resources */ = {isa = PBXBuildFile; fileRef = E88AE26E234D3F01000B6FC0 /* LaunchScreen.storyboard */; };
		E88AE286234D3F01000B6FC0 /* UITests.swift in Sources */ = {isa = PBXBuildFile; fileRef = E88AE285234D3F01000B6FC0 /* UITests.swift */; };
		E8B03C3A2DB8FBC7006DD844 /* CrowdinLoginConfigTests.swift in Sources */ = {isa = PBXBuildFile; fileRef = E8B03C282DB8FBC7006DD844 /* CrowdinLoginConfigTests.swift */; };
		E8B03C3B2DB8FBC7006DD844 /* CrowdinSDKConfigLoginTests.swift in Sources */ = {isa = PBXBuildFile; fileRef = E8B03C292DB8FBC7006DD844 /* CrowdinSDKConfigLoginTests.swift */; };
		E8B03C3C2DB8FBC7006DD844 /* AddDownloadHandlersTests.swift in Sources */ = {isa = PBXBuildFile; fileRef = E8B03C2B2DB8FBC7006DD844 /* AddDownloadHandlersTests.swift */; };
		E8B03C3D2DB8FBC7006DD844 /* AddErrorHandlersTests.swift in Sources */ = {isa = PBXBuildFile; fileRef = E8B03C2C2DB8FBC7006DD844 /* AddErrorHandlersTests.swift */; };
		E8B03C3E2DB8FBC7006DD844 /* BundleStringTests.swift in Sources */ = {isa = PBXBuildFile; fileRef = E8B03C2D2DB8FBC7006DD844 /* BundleStringTests.swift */; };
		E8B03C3F2DB8FBC7006DD844 /* BundleTests.swift in Sources */ = {isa = PBXBuildFile; fileRef = E8B03C2E2DB8FBC7006DD844 /* BundleTests.swift */; };
		E8B03C412DB8FBC7006DD844 /* CrowdinSDKTests.swift in Sources */ = {isa = PBXBuildFile; fileRef = E8B03C302DB8FBC7006DD844 /* CrowdinSDKTests.swift */; };
		E8B03C422DB8FBC7006DD844 /* CrowdinStringTests.swift in Sources */ = {isa = PBXBuildFile; fileRef = E8B03C312DB8FBC7006DD844 /* CrowdinStringTests.swift */; };
		E8B03C432DB8FBC7006DD844 /* CrowdinTesterTests.swift in Sources */ = {isa = PBXBuildFile; fileRef = E8B03C322DB8FBC7006DD844 /* CrowdinTesterTests.swift */; };
		E8B03C442DB8FBC7006DD844 /* EnableSDKLocalizationTests.swift in Sources */ = {isa = PBXBuildFile; fileRef = E8B03C332DB8FBC7006DD844 /* EnableSDKLocalizationTests.swift */; };
		E8B03C452DB8FBC7006DD844 /* FileTimestampStorageCrashTests.swift in Sources */ = {isa = PBXBuildFile; fileRef = E8B03C342DB8FBC7006DD844 /* FileTimestampStorageCrashTests.swift */; };
		E8B03C462DB8FBC7006DD844 /* FileTimestampStorageTests.swift in Sources */ = {isa = PBXBuildFile; fileRef = E8B03C352DB8FBC7006DD844 /* FileTimestampStorageTests.swift */; };
		E8B03C472DB8FBC7006DD844 /* InfoPlistInitializationTests.swift in Sources */ = {isa = PBXBuildFile; fileRef = E8B03C372DB8FBC7006DD844 /* InfoPlistInitializationTests.swift */; };
		E8B03C482DB8FBC7006DD844 /* InitializationCompletionHandlerTests.swift in Sources */ = {isa = PBXBuildFile; fileRef = E8B03C382DB8FBC7006DD844 /* InitializationCompletionHandlerTests.swift */; };
		E8BD50CC23527390006D77FD /* Localizable.strings in Resources */ = {isa = PBXBuildFile; fileRef = E8BD50CE23527390006D77FD /* Localizable.strings */; };
		E8BD50D92352F6C6006D77FD /* Localizable.stringsdict in Resources */ = {isa = PBXBuildFile; fileRef = E8BD50DB2352F6C6006D77FD /* Localizable.stringsdict */; };
/* End PBXBuildFile section */

/* Begin PBXContainerItemProxy section */
		E88AE277234D3F01000B6FC0 /* PBXContainerItemProxy */ = {
			isa = PBXContainerItemProxy;
			containerPortal = E88AE258234D3F00000B6FC0 /* Project object */;
			proxyType = 1;
			remoteGlobalIDString = E88AE25F234D3F00000B6FC0;
			remoteInfo = Tests;
		};
		E88AE282234D3F01000B6FC0 /* PBXContainerItemProxy */ = {
			isa = PBXContainerItemProxy;
			containerPortal = E88AE258234D3F00000B6FC0 /* Project object */;
			proxyType = 1;
			remoteGlobalIDString = E88AE25F234D3F00000B6FC0;
			remoteInfo = Tests;
		};
/* End PBXContainerItemProxy section */

/* Begin PBXFileReference section */
		1470D136DD473289EFA0781C /* Pods-Tests.release.xcconfig */ = {isa = PBXFileReference; includeInIndex = 1; lastKnownFileType = text.xcconfig; name = "Pods-Tests.release.xcconfig"; path = "Target Support Files/Pods-Tests/Pods-Tests.release.xcconfig"; sourceTree = "<group>"; };
		1A367693F1E2D6901F12CC78 /* Pods_TestsTests.framework */ = {isa = PBXFileReference; explicitFileType = wrapper.framework; includeInIndex = 0; path = Pods_TestsTests.framework; sourceTree = BUILT_PRODUCTS_DIR; };
		5BFAE53CCB0976C090655E6E /* Pods-TestsUITests.debug.xcconfig */ = {isa = PBXFileReference; includeInIndex = 1; lastKnownFileType = text.xcconfig; name = "Pods-TestsUITests.debug.xcconfig"; path = "Target Support Files/Pods-TestsUITests/Pods-TestsUITests.debug.xcconfig"; sourceTree = "<group>"; };
		70A6DC0FB8A535F1AA2999A7 /* Pods_TestsUITests.framework */ = {isa = PBXFileReference; explicitFileType = wrapper.framework; includeInIndex = 0; path = Pods_TestsUITests.framework; sourceTree = BUILT_PRODUCTS_DIR; };
		920E2A18234F5A2200FD3E12 /* Default-568h@2x.png */ = {isa = PBXFileReference; lastKnownFileType = image.png; path = "Default-568h@2x.png"; sourceTree = "<group>"; };
		A36A374768AF3AA6499401ED /* Pods-TestsTests.debug.xcconfig */ = {isa = PBXFileReference; includeInIndex = 1; lastKnownFileType = text.xcconfig; name = "Pods-TestsTests.debug.xcconfig"; path = "Target Support Files/Pods-TestsTests/Pods-TestsTests.debug.xcconfig"; sourceTree = "<group>"; };
		AAB6E45C19D79AEF67CEC319 /* Pods_Tests.framework */ = {isa = PBXFileReference; explicitFileType = wrapper.framework; includeInIndex = 0; path = Pods_Tests.framework; sourceTree = BUILT_PRODUCTS_DIR; };
		B316B4E1DE564564279B018B /* Pods-Tests.debug.xcconfig */ = {isa = PBXFileReference; includeInIndex = 1; lastKnownFileType = text.xcconfig; name = "Pods-Tests.debug.xcconfig"; path = "Target Support Files/Pods-Tests/Pods-Tests.debug.xcconfig"; sourceTree = "<group>"; };
		E88AE260234D3F00000B6FC0 /* Tests.app */ = {isa = PBXFileReference; explicitFileType = wrapper.application; includeInIndex = 0; path = Tests.app; sourceTree = BUILT_PRODUCTS_DIR; };
		E88AE263234D3F00000B6FC0 /* AppDelegate.swift */ = {isa = PBXFileReference; lastKnownFileType = sourcecode.swift; path = AppDelegate.swift; sourceTree = "<group>"; };
		E88AE267234D3F00000B6FC0 /* ViewController.swift */ = {isa = PBXFileReference; lastKnownFileType = sourcecode.swift; path = ViewController.swift; sourceTree = "<group>"; };
		E88AE26A234D3F00000B6FC0 /* Base */ = {isa = PBXFileReference; lastKnownFileType = file.storyboard; name = Base; path = Base.lproj/Main.storyboard; sourceTree = "<group>"; };
		E88AE26C234D3F01000B6FC0 /* Assets.xcassets */ = {isa = PBXFileReference; lastKnownFileType = folder.assetcatalog; path = Assets.xcassets; sourceTree = "<group>"; };
		E88AE26F234D3F01000B6FC0 /* Base */ = {isa = PBXFileReference; lastKnownFileType = file.storyboard; name = Base; path = Base.lproj/LaunchScreen.storyboard; sourceTree = "<group>"; };
		E88AE271234D3F01000B6FC0 /* Info.plist */ = {isa = PBXFileReference; lastKnownFileType = text.plist.xml; path = Info.plist; sourceTree = "<group>"; };
		E88AE276234D3F01000B6FC0 /* TestsTests.xctest */ = {isa = PBXFileReference; explicitFileType = wrapper.cfbundle; includeInIndex = 0; path = TestsTests.xctest; sourceTree = BUILT_PRODUCTS_DIR; };
		E88AE281234D3F01000B6FC0 /* TestsUITests.xctest */ = {isa = PBXFileReference; explicitFileType = wrapper.cfbundle; includeInIndex = 0; path = TestsUITests.xctest; sourceTree = BUILT_PRODUCTS_DIR; };
		E88AE285234D3F01000B6FC0 /* UITests.swift */ = {isa = PBXFileReference; lastKnownFileType = sourcecode.swift; path = UITests.swift; sourceTree = "<group>"; };
		E88AE287234D3F01000B6FC0 /* Info.plist */ = {isa = PBXFileReference; lastKnownFileType = text.plist.xml; path = Info.plist; sourceTree = "<group>"; };
		E8B03C282DB8FBC7006DD844 /* CrowdinLoginConfigTests.swift */ = {isa = PBXFileReference; lastKnownFileType = sourcecode.swift; path = CrowdinLoginConfigTests.swift; sourceTree = "<group>"; };
		E8B03C292DB8FBC7006DD844 /* CrowdinSDKConfigLoginTests.swift */ = {isa = PBXFileReference; lastKnownFileType = sourcecode.swift; path = CrowdinSDKConfigLoginTests.swift; sourceTree = "<group>"; };
		E8B03C2B2DB8FBC7006DD844 /* AddDownloadHandlersTests.swift */ = {isa = PBXFileReference; lastKnownFileType = sourcecode.swift; path = AddDownloadHandlersTests.swift; sourceTree = "<group>"; };
		E8B03C2C2DB8FBC7006DD844 /* AddErrorHandlersTests.swift */ = {isa = PBXFileReference; lastKnownFileType = sourcecode.swift; path = AddErrorHandlersTests.swift; sourceTree = "<group>"; };
		E8B03C2D2DB8FBC7006DD844 /* BundleStringTests.swift */ = {isa = PBXFileReference; lastKnownFileType = sourcecode.swift; path = BundleStringTests.swift; sourceTree = "<group>"; };
		E8B03C2E2DB8FBC7006DD844 /* BundleTests.swift */ = {isa = PBXFileReference; lastKnownFileType = sourcecode.swift; path = BundleTests.swift; sourceTree = "<group>"; };
		E8B03C2F2DB8FBC7006DD844 /* CrowdinLocalizationDownloaderTests.swift */ = {isa = PBXFileReference; lastKnownFileType = sourcecode.swift; path = CrowdinLocalizationDownloaderTests.swift; sourceTree = "<group>"; };
		E8B03C302DB8FBC7006DD844 /* CrowdinSDKTests.swift */ = {isa = PBXFileReference; lastKnownFileType = sourcecode.swift; path = CrowdinSDKTests.swift; sourceTree = "<group>"; };
		E8B03C312DB8FBC7006DD844 /* CrowdinStringTests.swift */ = {isa = PBXFileReference; lastKnownFileType = sourcecode.swift; path = CrowdinStringTests.swift; sourceTree = "<group>"; };
		E8B03C322DB8FBC7006DD844 /* CrowdinTesterTests.swift */ = {isa = PBXFileReference; lastKnownFileType = sourcecode.swift; path = CrowdinTesterTests.swift; sourceTree = "<group>"; };
		E8B03C332DB8FBC7006DD844 /* EnableSDKLocalizationTests.swift */ = {isa = PBXFileReference; lastKnownFileType = sourcecode.swift; path = EnableSDKLocalizationTests.swift; sourceTree = "<group>"; };
		E8B03C342DB8FBC7006DD844 /* FileTimestampStorageCrashTests.swift */ = {isa = PBXFileReference; lastKnownFileType = sourcecode.swift; path = FileTimestampStorageCrashTests.swift; sourceTree = "<group>"; };
		E8B03C352DB8FBC7006DD844 /* FileTimestampStorageTests.swift */ = {isa = PBXFileReference; lastKnownFileType = sourcecode.swift; path = FileTimestampStorageTests.swift; sourceTree = "<group>"; };
		E8B03C362DB8FBC7006DD844 /* Info.plist */ = {isa = PBXFileReference; lastKnownFileType = text.plist.xml; path = Info.plist; sourceTree = "<group>"; };
		E8B03C372DB8FBC7006DD844 /* InfoPlistInitializationTests.swift */ = {isa = PBXFileReference; lastKnownFileType = sourcecode.swift; path = InfoPlistInitializationTests.swift; sourceTree = "<group>"; };
		E8B03C382DB8FBC7006DD844 /* InitializationCompletionHandlerTests.swift */ = {isa = PBXFileReference; lastKnownFileType = sourcecode.swift; path = InitializationCompletionHandlerTests.swift; sourceTree = "<group>"; };
		E8BD50C42352735F006D77FD /* en */ = {isa = PBXFileReference; lastKnownFileType = text.plist.strings; name = en; path = en.lproj/Main.strings; sourceTree = "<group>"; };
		E8BD50C52352736A006D77FD /* de */ = {isa = PBXFileReference; lastKnownFileType = text.plist.strings; name = de; path = de.lproj/Main.strings; sourceTree = "<group>"; };
		E8BD50CD23527390006D77FD /* en */ = {isa = PBXFileReference; lastKnownFileType = text.plist.strings; name = en; path = en.lproj/Localizable.strings; sourceTree = "<group>"; };
		E8BD50CF23527394006D77FD /* de */ = {isa = PBXFileReference; lastKnownFileType = text.plist.strings; name = de; path = de.lproj/Localizable.strings; sourceTree = "<group>"; };
		E8BD50D023527395006D77FD /* uk */ = {isa = PBXFileReference; lastKnownFileType = text.plist.strings; name = uk; path = uk.lproj/Localizable.strings; sourceTree = "<group>"; };
		E8BD50D22352754C006D77FD /* uk */ = {isa = PBXFileReference; lastKnownFileType = text.plist.strings; name = uk; path = uk.lproj/Main.strings; sourceTree = "<group>"; };
		E8BD50DA2352F6C6006D77FD /* en */ = {isa = PBXFileReference; lastKnownFileType = text.plist.stringsdict; name = en; path = en.lproj/Localizable.stringsdict; sourceTree = "<group>"; };
		E8BD50DC2352F6CA006D77FD /* de */ = {isa = PBXFileReference; lastKnownFileType = text.plist.stringsdict; name = de; path = de.lproj/Localizable.stringsdict; sourceTree = "<group>"; };
		E8BD50DD2352F6CC006D77FD /* uk */ = {isa = PBXFileReference; lastKnownFileType = text.plist.stringsdict; name = uk; path = uk.lproj/Localizable.stringsdict; sourceTree = "<group>"; };
		F3AE6A456EFA7110D586D3BC /* Pods-TestsUITests.release.xcconfig */ = {isa = PBXFileReference; includeInIndex = 1; lastKnownFileType = text.xcconfig; name = "Pods-TestsUITests.release.xcconfig"; path = "Target Support Files/Pods-TestsUITests/Pods-TestsUITests.release.xcconfig"; sourceTree = "<group>"; };
		F99CD79B743F54585E4A9CA5 /* Pods-TestsTests.release.xcconfig */ = {isa = PBXFileReference; includeInIndex = 1; lastKnownFileType = text.xcconfig; name = "Pods-TestsTests.release.xcconfig"; path = "Target Support Files/Pods-TestsTests/Pods-TestsTests.release.xcconfig"; sourceTree = "<group>"; };
/* End PBXFileReference section */

/* Begin PBXFrameworksBuildPhase section */
		E88AE25D234D3F00000B6FC0 /* Frameworks */ = {
			isa = PBXFrameworksBuildPhase;
			buildActionMask = 2147483647;
			files = (
				03889E2498BE76977E18B335 /* Pods_Tests.framework in Frameworks */,
			);
			runOnlyForDeploymentPostprocessing = 0;
		};
		E88AE273234D3F01000B6FC0 /* Frameworks */ = {
			isa = PBXFrameworksBuildPhase;
			buildActionMask = 2147483647;
			files = (
				AC134E62B46E8C4E451EA4CD /* Pods_TestsTests.framework in Frameworks */,
			);
			runOnlyForDeploymentPostprocessing = 0;
		};
		E88AE27E234D3F01000B6FC0 /* Frameworks */ = {
			isa = PBXFrameworksBuildPhase;
			buildActionMask = 2147483647;
			files = (
				5BDB06CB673D1227873DEF28 /* Pods_TestsUITests.framework in Frameworks */,
			);
			runOnlyForDeploymentPostprocessing = 0;
		};
/* End PBXFrameworksBuildPhase section */

/* Begin PBXGroup section */
		862A5C7DAE8D195457C96A61 /* Pods */ = {
			isa = PBXGroup;
			children = (
				B316B4E1DE564564279B018B /* Pods-Tests.debug.xcconfig */,
				1470D136DD473289EFA0781C /* Pods-Tests.release.xcconfig */,
				A36A374768AF3AA6499401ED /* Pods-TestsTests.debug.xcconfig */,
				F99CD79B743F54585E4A9CA5 /* Pods-TestsTests.release.xcconfig */,
				5BFAE53CCB0976C090655E6E /* Pods-TestsUITests.debug.xcconfig */,
				F3AE6A456EFA7110D586D3BC /* Pods-TestsUITests.release.xcconfig */,
			);
			path = Pods;
			sourceTree = "<group>";
		};
		DAF7365E3AD0A725A7909C9A /* Frameworks */ = {
			isa = PBXGroup;
			children = (
				AAB6E45C19D79AEF67CEC319 /* Pods_Tests.framework */,
				1A367693F1E2D6901F12CC78 /* Pods_TestsTests.framework */,
				70A6DC0FB8A535F1AA2999A7 /* Pods_TestsUITests.framework */,
			);
			name = Frameworks;
			sourceTree = "<group>";
		};
		E88AE257234D3F00000B6FC0 = {
			isa = PBXGroup;
			children = (
				920E2A18234F5A2200FD3E12 /* Default-568h@2x.png */,
				E88AE262234D3F00000B6FC0 /* Tests */,
				E8B03C392DB8FBC7006DD844 /* UnitTests */,
				E88AE284234D3F01000B6FC0 /* UITests */,
				E88AE261234D3F00000B6FC0 /* Products */,
				862A5C7DAE8D195457C96A61 /* Pods */,
				DAF7365E3AD0A725A7909C9A /* Frameworks */,
			);
			sourceTree = "<group>";
		};
		E88AE261234D3F00000B6FC0 /* Products */ = {
			isa = PBXGroup;
			children = (
				E88AE260234D3F00000B6FC0 /* Tests.app */,
				E88AE276234D3F01000B6FC0 /* TestsTests.xctest */,
				E88AE281234D3F01000B6FC0 /* TestsUITests.xctest */,
			);
			name = Products;
			sourceTree = "<group>";
		};
		E88AE262234D3F00000B6FC0 /* Tests */ = {
			isa = PBXGroup;
			children = (
				E88AE263234D3F00000B6FC0 /* AppDelegate.swift */,
				E88AE267234D3F00000B6FC0 /* ViewController.swift */,
				E88AE269234D3F00000B6FC0 /* Main.storyboard */,
				E88AE26C234D3F01000B6FC0 /* Assets.xcassets */,
				E88AE26E234D3F01000B6FC0 /* LaunchScreen.storyboard */,
				E88AE271234D3F01000B6FC0 /* Info.plist */,
				E8BD50CE23527390006D77FD /* Localizable.strings */,
				E8BD50DB2352F6C6006D77FD /* Localizable.stringsdict */,
			);
			path = Tests;
			sourceTree = "<group>";
		};
		E88AE284234D3F01000B6FC0 /* UITests */ = {
			isa = PBXGroup;
			children = (
				E88AE285234D3F01000B6FC0 /* UITests.swift */,
				E88AE287234D3F01000B6FC0 /* Info.plist */,
			);
			path = UITests;
			sourceTree = "<group>";
		};
		E8B03C2A2DB8FBC7006DD844 /* Login */ = {
			isa = PBXGroup;
			children = (
				E8B03C282DB8FBC7006DD844 /* CrowdinLoginConfigTests.swift */,
				E8B03C292DB8FBC7006DD844 /* CrowdinSDKConfigLoginTests.swift */,
			);
			path = Login;
			sourceTree = "<group>";
		};
		E8B03C392DB8FBC7006DD844 /* UnitTests */ = {
			isa = PBXGroup;
			children = (
				E8B03C2A2DB8FBC7006DD844 /* Login */,
				E8B03C2B2DB8FBC7006DD844 /* AddDownloadHandlersTests.swift */,
				E8B03C2C2DB8FBC7006DD844 /* AddErrorHandlersTests.swift */,
				E8B03C2D2DB8FBC7006DD844 /* BundleStringTests.swift */,
				E8B03C2E2DB8FBC7006DD844 /* BundleTests.swift */,
				E8B03C2F2DB8FBC7006DD844 /* CrowdinLocalizationDownloaderTests.swift */,
				E8B03C302DB8FBC7006DD844 /* CrowdinSDKTests.swift */,
				E8B03C312DB8FBC7006DD844 /* CrowdinStringTests.swift */,
				E8B03C322DB8FBC7006DD844 /* CrowdinTesterTests.swift */,
				E8B03C332DB8FBC7006DD844 /* EnableSDKLocalizationTests.swift */,
				E8B03C342DB8FBC7006DD844 /* FileTimestampStorageCrashTests.swift */,
				E8B03C352DB8FBC7006DD844 /* FileTimestampStorageTests.swift */,
				E8B03C362DB8FBC7006DD844 /* Info.plist */,
				E8B03C372DB8FBC7006DD844 /* InfoPlistInitializationTests.swift */,
				E8B03C382DB8FBC7006DD844 /* InitializationCompletionHandlerTests.swift */,
			);
			path = UnitTests;
			sourceTree = "<group>";
		};
/* End PBXGroup section */

/* Begin PBXNativeTarget section */
		E88AE25F234D3F00000B6FC0 /* Tests */ = {
			isa = PBXNativeTarget;
			buildConfigurationList = E88AE28A234D3F01000B6FC0 /* Build configuration list for PBXNativeTarget "Tests" */;
			buildPhases = (
				655CD147D8CB7343A63DB163 /* [CP] Check Pods Manifest.lock */,
				E88AE25C234D3F00000B6FC0 /* Sources */,
				E88AE25D234D3F00000B6FC0 /* Frameworks */,
				E88AE25E234D3F00000B6FC0 /* Resources */,
				A1CC72B22224D94E97D49531 /* [CP] Embed Pods Frameworks */,
			);
			buildRules = (
			);
			dependencies = (
			);
			name = Tests;
			productName = Tests;
			productReference = E88AE260234D3F00000B6FC0 /* Tests.app */;
			productType = "com.apple.product-type.application";
		};
		E88AE275234D3F01000B6FC0 /* TestsTests */ = {
			isa = PBXNativeTarget;
			buildConfigurationList = E88AE28D234D3F01000B6FC0 /* Build configuration list for PBXNativeTarget "TestsTests" */;
			buildPhases = (
				C9CB7797369117856169D4DF /* [CP] Check Pods Manifest.lock */,
				E88AE272234D3F01000B6FC0 /* Sources */,
				E88AE273234D3F01000B6FC0 /* Frameworks */,
				E88AE274234D3F01000B6FC0 /* Resources */,
				E8D3E4892D98437700E8A202 /* SwiftLint */,
			);
			buildRules = (
			);
			dependencies = (
				E88AE278234D3F01000B6FC0 /* PBXTargetDependency */,
			);
			name = TestsTests;
			productName = TestsTests;
			productReference = E88AE276234D3F01000B6FC0 /* TestsTests.xctest */;
			productType = "com.apple.product-type.bundle.unit-test";
		};
		E88AE280234D3F01000B6FC0 /* TestsUITests */ = {
			isa = PBXNativeTarget;
			buildConfigurationList = E88AE290234D3F01000B6FC0 /* Build configuration list for PBXNativeTarget "TestsUITests" */;
			buildPhases = (
				F6A4FB83D2981E601F22E73E /* [CP] Check Pods Manifest.lock */,
				E88AE27D234D3F01000B6FC0 /* Sources */,
				E88AE27E234D3F01000B6FC0 /* Frameworks */,
				E88AE27F234D3F01000B6FC0 /* Resources */,
			);
			buildRules = (
			);
			dependencies = (
				E88AE283234D3F01000B6FC0 /* PBXTargetDependency */,
			);
			name = TestsUITests;
			productName = TestsUITests;
			productReference = E88AE281234D3F01000B6FC0 /* TestsUITests.xctest */;
			productType = "com.apple.product-type.bundle.ui-testing";
		};
/* End PBXNativeTarget section */

/* Begin PBXProject section */
		E88AE258234D3F00000B6FC0 /* Project object */ = {
			isa = PBXProject;
			attributes = {
				DefaultBuildSystemTypeForWorkspace = Original;
				LastSwiftUpdateCheck = 1110;
				LastUpgradeCheck = 1140;
				ORGANIZATIONNAME = "Serhii Londar";
				TargetAttributes = {
					E88AE25F234D3F00000B6FC0 = {
						CreatedOnToolsVersion = 11.1;
					};
					E88AE275234D3F01000B6FC0 = {
						CreatedOnToolsVersion = 11.1;
						TestTargetID = E88AE25F234D3F00000B6FC0;
					};
					E88AE280234D3F01000B6FC0 = {
						CreatedOnToolsVersion = 11.1;
						TestTargetID = E88AE25F234D3F00000B6FC0;
					};
				};
			};
			buildConfigurationList = E88AE25B234D3F00000B6FC0 /* Build configuration list for PBXProject "Tests" */;
			developmentRegion = en;
			hasScannedForEncodings = 0;
			knownRegions = (
				en,
				Base,
				de,
				uk,
			);
			mainGroup = E88AE257234D3F00000B6FC0;
			productRefGroup = E88AE261234D3F00000B6FC0 /* Products */;
			projectDirPath = "";
			projectRoot = "";
			targets = (
				E88AE25F234D3F00000B6FC0 /* Tests */,
				E88AE275234D3F01000B6FC0 /* TestsTests */,
				E88AE280234D3F01000B6FC0 /* TestsUITests */,
			);
		};
/* End PBXProject section */

/* Begin PBXResourcesBuildPhase section */
		E88AE25E234D3F00000B6FC0 /* Resources */ = {
			isa = PBXResourcesBuildPhase;
			buildActionMask = 2147483647;
			files = (
				E8BD50CC23527390006D77FD /* Localizable.strings in Resources */,
				E88AE270234D3F01000B6FC0 /* LaunchScreen.storyboard in Resources */,
				920E2A19234F5A2200FD3E12 /* Default-568h@2x.png in Resources */,
				E88AE26D234D3F01000B6FC0 /* Assets.xcassets in Resources */,
				E88AE26B234D3F00000B6FC0 /* Main.storyboard in Resources */,
				E8BD50D92352F6C6006D77FD /* Localizable.stringsdict in Resources */,
			);
			runOnlyForDeploymentPostprocessing = 0;
		};
		E88AE274234D3F01000B6FC0 /* Resources */ = {
			isa = PBXResourcesBuildPhase;
			buildActionMask = 2147483647;
			files = (
			);
			runOnlyForDeploymentPostprocessing = 0;
		};
		E88AE27F234D3F01000B6FC0 /* Resources */ = {
			isa = PBXResourcesBuildPhase;
			buildActionMask = 2147483647;
			files = (
			);
			runOnlyForDeploymentPostprocessing = 0;
		};
/* End PBXResourcesBuildPhase section */

/* Begin PBXShellScriptBuildPhase section */
		655CD147D8CB7343A63DB163 /* [CP] Check Pods Manifest.lock */ = {
			isa = PBXShellScriptBuildPhase;
			buildActionMask = 2147483647;
			files = (
			);
			inputFileListPaths = (
			);
			inputPaths = (
				"${PODS_PODFILE_DIR_PATH}/Podfile.lock",
				"${PODS_ROOT}/Manifest.lock",
			);
			name = "[CP] Check Pods Manifest.lock";
			outputFileListPaths = (
			);
			outputPaths = (
				"$(DERIVED_FILE_DIR)/Pods-Tests-checkManifestLockResult.txt",
			);
			runOnlyForDeploymentPostprocessing = 0;
			shellPath = /bin/sh;
			shellScript = "diff \"${PODS_PODFILE_DIR_PATH}/Podfile.lock\" \"${PODS_ROOT}/Manifest.lock\" > /dev/null\nif [ $? != 0 ] ; then\n    # print error to STDERR\n    echo \"error: The sandbox is not in sync with the Podfile.lock. Run 'pod install' or update your CocoaPods installation.\" >&2\n    exit 1\nfi\n# This output is used by Xcode 'outputs' to avoid re-running this script phase.\necho \"SUCCESS\" > \"${SCRIPT_OUTPUT_FILE_0}\"\n";
			showEnvVarsInLog = 0;
		};
		A1CC72B22224D94E97D49531 /* [CP] Embed Pods Frameworks */ = {
			isa = PBXShellScriptBuildPhase;
			buildActionMask = 2147483647;
			files = (
			);
			inputFileListPaths = (
				"${PODS_ROOT}/Target Support Files/Pods-Tests/Pods-Tests-frameworks-${CONFIGURATION}-input-files.xcfilelist",
			);
			name = "[CP] Embed Pods Frameworks";
			outputFileListPaths = (
				"${PODS_ROOT}/Target Support Files/Pods-Tests/Pods-Tests-frameworks-${CONFIGURATION}-output-files.xcfilelist",
			);
			runOnlyForDeploymentPostprocessing = 0;
			shellPath = /bin/sh;
			shellScript = "\"${PODS_ROOT}/Target Support Files/Pods-Tests/Pods-Tests-frameworks.sh\"\n";
			showEnvVarsInLog = 0;
		};
		C9CB7797369117856169D4DF /* [CP] Check Pods Manifest.lock */ = {
			isa = PBXShellScriptBuildPhase;
			buildActionMask = 2147483647;
			files = (
			);
			inputFileListPaths = (
			);
			inputPaths = (
				"${PODS_PODFILE_DIR_PATH}/Podfile.lock",
				"${PODS_ROOT}/Manifest.lock",
			);
			name = "[CP] Check Pods Manifest.lock";
			outputFileListPaths = (
			);
			outputPaths = (
				"$(DERIVED_FILE_DIR)/Pods-TestsTests-checkManifestLockResult.txt",
			);
			runOnlyForDeploymentPostprocessing = 0;
			shellPath = /bin/sh;
			shellScript = "diff \"${PODS_PODFILE_DIR_PATH}/Podfile.lock\" \"${PODS_ROOT}/Manifest.lock\" > /dev/null\nif [ $? != 0 ] ; then\n    # print error to STDERR\n    echo \"error: The sandbox is not in sync with the Podfile.lock. Run 'pod install' or update your CocoaPods installation.\" >&2\n    exit 1\nfi\n# This output is used by Xcode 'outputs' to avoid re-running this script phase.\necho \"SUCCESS\" > \"${SCRIPT_OUTPUT_FILE_0}\"\n";
			showEnvVarsInLog = 0;
		};
		E8D3E4892D98437700E8A202 /* SwiftLint */ = {
			isa = PBXShellScriptBuildPhase;
			buildActionMask = 2147483647;
			files = (
			);
			inputFileListPaths = (
			);
			inputPaths = (
			);
			name = SwiftLint;
			outputFileListPaths = (
			);
			outputPaths = (
			);
			runOnlyForDeploymentPostprocessing = 0;
			shellPath = /bin/sh;
			shellScript = "if command -v swiftlint >/dev/null 2>&1\nthen\n    swiftlint --config ${SRCROOT}/../.swiftlint.yml ${SRCROOT}/../Sources/\nelse\n    echo \"warning: `swiftlint` command not found - See https://github.com/realm/SwiftLint#installation for installation instructions.\"\nfi\n";
		};
		F6A4FB83D2981E601F22E73E /* [CP] Check Pods Manifest.lock */ = {
			isa = PBXShellScriptBuildPhase;
			buildActionMask = 2147483647;
			files = (
			);
			inputFileListPaths = (
			);
			inputPaths = (
				"${PODS_PODFILE_DIR_PATH}/Podfile.lock",
				"${PODS_ROOT}/Manifest.lock",
			);
			name = "[CP] Check Pods Manifest.lock";
			outputFileListPaths = (
			);
			outputPaths = (
				"$(DERIVED_FILE_DIR)/Pods-TestsUITests-checkManifestLockResult.txt",
			);
			runOnlyForDeploymentPostprocessing = 0;
			shellPath = /bin/sh;
			shellScript = "diff \"${PODS_PODFILE_DIR_PATH}/Podfile.lock\" \"${PODS_ROOT}/Manifest.lock\" > /dev/null\nif [ $? != 0 ] ; then\n    # print error to STDERR\n    echo \"error: The sandbox is not in sync with the Podfile.lock. Run 'pod install' or update your CocoaPods installation.\" >&2\n    exit 1\nfi\n# This output is used by Xcode 'outputs' to avoid re-running this script phase.\necho \"SUCCESS\" > \"${SCRIPT_OUTPUT_FILE_0}\"\n";
			showEnvVarsInLog = 0;
		};
/* End PBXShellScriptBuildPhase section */

/* Begin PBXSourcesBuildPhase section */
		E88AE25C234D3F00000B6FC0 /* Sources */ = {
			isa = PBXSourcesBuildPhase;
			buildActionMask = 2147483647;
			files = (
				E88AE268234D3F00000B6FC0 /* ViewController.swift in Sources */,
				E88AE264234D3F00000B6FC0 /* AppDelegate.swift in Sources */,
			);
			runOnlyForDeploymentPostprocessing = 0;
		};
		E88AE272234D3F01000B6FC0 /* Sources */ = {
			isa = PBXSourcesBuildPhase;
			buildActionMask = 2147483647;
			files = (
				E8B03C3A2DB8FBC7006DD844 /* CrowdinLoginConfigTests.swift in Sources */,
				E8B03C3B2DB8FBC7006DD844 /* CrowdinSDKConfigLoginTests.swift in Sources */,
				E8B03C3C2DB8FBC7006DD844 /* AddDownloadHandlersTests.swift in Sources */,
				E8B03C3D2DB8FBC7006DD844 /* AddErrorHandlersTests.swift in Sources */,
				E8B03C3E2DB8FBC7006DD844 /* BundleStringTests.swift in Sources */,
				E8B03C3F2DB8FBC7006DD844 /* BundleTests.swift in Sources */,
				E8B03C412DB8FBC7006DD844 /* CrowdinSDKTests.swift in Sources */,
				E8B03C422DB8FBC7006DD844 /* CrowdinStringTests.swift in Sources */,
				E8B03C432DB8FBC7006DD844 /* CrowdinTesterTests.swift in Sources */,
				E8B03C442DB8FBC7006DD844 /* EnableSDKLocalizationTests.swift in Sources */,
				E8B03C452DB8FBC7006DD844 /* FileTimestampStorageCrashTests.swift in Sources */,
				E8B03C462DB8FBC7006DD844 /* FileTimestampStorageTests.swift in Sources */,
				E8B03C472DB8FBC7006DD844 /* InfoPlistInitializationTests.swift in Sources */,
				E8B03C482DB8FBC7006DD844 /* InitializationCompletionHandlerTests.swift in Sources */,
			);
			runOnlyForDeploymentPostprocessing = 0;
		};
		E88AE27D234D3F01000B6FC0 /* Sources */ = {
			isa = PBXSourcesBuildPhase;
			buildActionMask = 2147483647;
			files = (
				E88AE286234D3F01000B6FC0 /* UITests.swift in Sources */,
			);
			runOnlyForDeploymentPostprocessing = 0;
		};
/* End PBXSourcesBuildPhase section */

/* Begin PBXTargetDependency section */
		E88AE278234D3F01000B6FC0 /* PBXTargetDependency */ = {
			isa = PBXTargetDependency;
			target = E88AE25F234D3F00000B6FC0 /* Tests */;
			targetProxy = E88AE277234D3F01000B6FC0 /* PBXContainerItemProxy */;
		};
		E88AE283234D3F01000B6FC0 /* PBXTargetDependency */ = {
			isa = PBXTargetDependency;
			target = E88AE25F234D3F00000B6FC0 /* Tests */;
			targetProxy = E88AE282234D3F01000B6FC0 /* PBXContainerItemProxy */;
		};
/* End PBXTargetDependency section */

/* Begin PBXVariantGroup section */
		E88AE269234D3F00000B6FC0 /* Main.storyboard */ = {
			isa = PBXVariantGroup;
			children = (
				E88AE26A234D3F00000B6FC0 /* Base */,
				E8BD50C42352735F006D77FD /* en */,
				E8BD50C52352736A006D77FD /* de */,
				E8BD50D22352754C006D77FD /* uk */,
			);
			name = Main.storyboard;
			sourceTree = "<group>";
		};
		E88AE26E234D3F01000B6FC0 /* LaunchScreen.storyboard */ = {
			isa = PBXVariantGroup;
			children = (
				E88AE26F234D3F01000B6FC0 /* Base */,
			);
			name = LaunchScreen.storyboard;
			sourceTree = "<group>";
		};
		E8BD50CE23527390006D77FD /* Localizable.strings */ = {
			isa = PBXVariantGroup;
			children = (
				E8BD50CD23527390006D77FD /* en */,
				E8BD50CF23527394006D77FD /* de */,
				E8BD50D023527395006D77FD /* uk */,
			);
			name = Localizable.strings;
			sourceTree = "<group>";
		};
		E8BD50DB2352F6C6006D77FD /* Localizable.stringsdict */ = {
			isa = PBXVariantGroup;
			children = (
				E8BD50DA2352F6C6006D77FD /* en */,
				E8BD50DC2352F6CA006D77FD /* de */,
				E8BD50DD2352F6CC006D77FD /* uk */,
			);
			name = Localizable.stringsdict;
			sourceTree = "<group>";
		};
/* End PBXVariantGroup section */

/* Begin XCBuildConfiguration section */
		E88AE288234D3F01000B6FC0 /* Debug */ = {
			isa = XCBuildConfiguration;
			buildSettings = {
				ALWAYS_SEARCH_USER_PATHS = NO;
				CLANG_ANALYZER_LOCALIZABILITY_NONLOCALIZED = YES;
				CLANG_ANALYZER_NONNULL = YES;
				CLANG_ANALYZER_NUMBER_OBJECT_CONVERSION = YES_AGGRESSIVE;
				CLANG_CXX_LANGUAGE_STANDARD = "gnu++14";
				CLANG_CXX_LIBRARY = "libc++";
				CLANG_ENABLE_MODULES = YES;
				CLANG_ENABLE_OBJC_ARC = YES;
				CLANG_ENABLE_OBJC_WEAK = YES;
				CLANG_WARN_BLOCK_CAPTURE_AUTORELEASING = YES;
				CLANG_WARN_BOOL_CONVERSION = YES;
				CLANG_WARN_COMMA = YES;
				CLANG_WARN_CONSTANT_CONVERSION = YES;
				CLANG_WARN_DEPRECATED_OBJC_IMPLEMENTATIONS = YES;
				CLANG_WARN_DIRECT_OBJC_ISA_USAGE = YES_ERROR;
				CLANG_WARN_DOCUMENTATION_COMMENTS = YES;
				CLANG_WARN_EMPTY_BODY = YES;
				CLANG_WARN_ENUM_CONVERSION = YES;
				CLANG_WARN_INFINITE_RECURSION = YES;
				CLANG_WARN_INT_CONVERSION = YES;
				CLANG_WARN_NON_LITERAL_NULL_CONVERSION = YES;
				CLANG_WARN_OBJC_IMPLICIT_RETAIN_SELF = YES;
				CLANG_WARN_OBJC_LITERAL_CONVERSION = YES;
				CLANG_WARN_OBJC_ROOT_CLASS = YES_ERROR;
				CLANG_WARN_RANGE_LOOP_ANALYSIS = YES;
				CLANG_WARN_STRICT_PROTOTYPES = YES;
				CLANG_WARN_SUSPICIOUS_MOVE = YES;
				CLANG_WARN_UNGUARDED_AVAILABILITY = YES_AGGRESSIVE;
				CLANG_WARN_UNREACHABLE_CODE = YES;
				CLANG_WARN__DUPLICATE_METHOD_MATCH = YES;
				COPY_PHASE_STRIP = NO;
				DEBUG_INFORMATION_FORMAT = dwarf;
				ENABLE_STRICT_OBJC_MSGSEND = YES;
				ENABLE_TESTABILITY = YES;
				GCC_C_LANGUAGE_STANDARD = gnu11;
				GCC_DYNAMIC_NO_PIC = NO;
				GCC_NO_COMMON_BLOCKS = YES;
				GCC_OPTIMIZATION_LEVEL = 0;
				GCC_PREPROCESSOR_DEFINITIONS = (
					"DEBUG=1",
					"$(inherited)",
				);
				GCC_WARN_64_TO_32_BIT_CONVERSION = YES;
				GCC_WARN_ABOUT_RETURN_TYPE = YES_ERROR;
				GCC_WARN_UNDECLARED_SELECTOR = YES;
				GCC_WARN_UNINITIALIZED_AUTOS = YES_AGGRESSIVE;
				GCC_WARN_UNUSED_FUNCTION = YES;
				GCC_WARN_UNUSED_VARIABLE = YES;
				IPHONEOS_DEPLOYMENT_TARGET = 13.0;
				MTL_ENABLE_DEBUG_INFO = INCLUDE_SOURCE;
				MTL_FAST_MATH = YES;
				ONLY_ACTIVE_ARCH = YES;
				SDKROOT = iphoneos;
				SWIFT_ACTIVE_COMPILATION_CONDITIONS = DEBUG;
				SWIFT_OPTIMIZATION_LEVEL = "-Onone";
			};
			name = Debug;
		};
		E88AE289234D3F01000B6FC0 /* Release */ = {
			isa = XCBuildConfiguration;
			buildSettings = {
				ALWAYS_SEARCH_USER_PATHS = NO;
				CLANG_ANALYZER_LOCALIZABILITY_NONLOCALIZED = YES;
				CLANG_ANALYZER_NONNULL = YES;
				CLANG_ANALYZER_NUMBER_OBJECT_CONVERSION = YES_AGGRESSIVE;
				CLANG_CXX_LANGUAGE_STANDARD = "gnu++14";
				CLANG_CXX_LIBRARY = "libc++";
				CLANG_ENABLE_MODULES = YES;
				CLANG_ENABLE_OBJC_ARC = YES;
				CLANG_ENABLE_OBJC_WEAK = YES;
				CLANG_WARN_BLOCK_CAPTURE_AUTORELEASING = YES;
				CLANG_WARN_BOOL_CONVERSION = YES;
				CLANG_WARN_COMMA = YES;
				CLANG_WARN_CONSTANT_CONVERSION = YES;
				CLANG_WARN_DEPRECATED_OBJC_IMPLEMENTATIONS = YES;
				CLANG_WARN_DIRECT_OBJC_ISA_USAGE = YES_ERROR;
				CLANG_WARN_DOCUMENTATION_COMMENTS = YES;
				CLANG_WARN_EMPTY_BODY = YES;
				CLANG_WARN_ENUM_CONVERSION = YES;
				CLANG_WARN_INFINITE_RECURSION = YES;
				CLANG_WARN_INT_CONVERSION = YES;
				CLANG_WARN_NON_LITERAL_NULL_CONVERSION = YES;
				CLANG_WARN_OBJC_IMPLICIT_RETAIN_SELF = YES;
				CLANG_WARN_OBJC_LITERAL_CONVERSION = YES;
				CLANG_WARN_OBJC_ROOT_CLASS = YES_ERROR;
				CLANG_WARN_RANGE_LOOP_ANALYSIS = YES;
				CLANG_WARN_STRICT_PROTOTYPES = YES;
				CLANG_WARN_SUSPICIOUS_MOVE = YES;
				CLANG_WARN_UNGUARDED_AVAILABILITY = YES_AGGRESSIVE;
				CLANG_WARN_UNREACHABLE_CODE = YES;
				CLANG_WARN__DUPLICATE_METHOD_MATCH = YES;
				COPY_PHASE_STRIP = NO;
				DEBUG_INFORMATION_FORMAT = "dwarf-with-dsym";
				ENABLE_NS_ASSERTIONS = NO;
				ENABLE_STRICT_OBJC_MSGSEND = YES;
				GCC_C_LANGUAGE_STANDARD = gnu11;
				GCC_NO_COMMON_BLOCKS = YES;
				GCC_WARN_64_TO_32_BIT_CONVERSION = YES;
				GCC_WARN_ABOUT_RETURN_TYPE = YES_ERROR;
				GCC_WARN_UNDECLARED_SELECTOR = YES;
				GCC_WARN_UNINITIALIZED_AUTOS = YES_AGGRESSIVE;
				GCC_WARN_UNUSED_FUNCTION = YES;
				GCC_WARN_UNUSED_VARIABLE = YES;
				IPHONEOS_DEPLOYMENT_TARGET = 13.0;
				MTL_ENABLE_DEBUG_INFO = NO;
				MTL_FAST_MATH = YES;
				SDKROOT = iphoneos;
				SWIFT_COMPILATION_MODE = wholemodule;
				SWIFT_OPTIMIZATION_LEVEL = "-O";
				VALIDATE_PRODUCT = YES;
			};
			name = Release;
		};
		E88AE28B234D3F01000B6FC0 /* Debug */ = {
			isa = XCBuildConfiguration;
			baseConfigurationReference = B316B4E1DE564564279B018B /* Pods-Tests.debug.xcconfig */;
			buildSettings = {
				ASSETCATALOG_COMPILER_APPICON_NAME = AppIcon;
				CODE_SIGN_STYLE = Automatic;
				DEVELOPMENT_TEAM = 22AFPHX3AU;
				ENABLE_TESTABILITY = YES;
				INFOPLIST_FILE = Tests/Info.plist;
				IPHONEOS_DEPLOYMENT_TARGET = 13.0;
				LD_RUNPATH_SEARCH_PATHS = (
					"$(inherited)",
					"@executable_path/Frameworks",
				);
				PRODUCT_BUNDLE_IDENTIFIER = com.slon.Tests;
				PRODUCT_NAME = "$(TARGET_NAME)";
				SWIFT_VERSION = 4.2;
				TARGETED_DEVICE_FAMILY = "1,2";
			};
			name = Debug;
		};
		E88AE28C234D3F01000B6FC0 /* Release */ = {
			isa = XCBuildConfiguration;
			baseConfigurationReference = 1470D136DD473289EFA0781C /* Pods-Tests.release.xcconfig */;
			buildSettings = {
				ASSETCATALOG_COMPILER_APPICON_NAME = AppIcon;
				CODE_SIGN_STYLE = Automatic;
				DEVELOPMENT_TEAM = 22AFPHX3AU;
				ENABLE_TESTABILITY = YES;
				INFOPLIST_FILE = Tests/Info.plist;
				IPHONEOS_DEPLOYMENT_TARGET = 13.0;
				LD_RUNPATH_SEARCH_PATHS = (
					"$(inherited)",
					"@executable_path/Frameworks",
				);
				PRODUCT_BUNDLE_IDENTIFIER = com.slon.Tests;
				PRODUCT_NAME = "$(TARGET_NAME)";
				SWIFT_VERSION = 4.2;
				TARGETED_DEVICE_FAMILY = "1,2";
			};
			name = Release;
		};
		E88AE28E234D3F01000B6FC0 /* Debug */ = {
			isa = XCBuildConfiguration;
			baseConfigurationReference = A36A374768AF3AA6499401ED /* Pods-TestsTests.debug.xcconfig */;
			buildSettings = {
				BUNDLE_LOADER = "$(TEST_HOST)";
				CODE_SIGN_STYLE = Automatic;
				DEVELOPMENT_TEAM = 22AFPHX3AU;
				ENABLE_TESTABILITY = YES;
				INFOPLIST_FILE = Tests/Info.plist;
				IPHONEOS_DEPLOYMENT_TARGET = 13.0;
				LD_RUNPATH_SEARCH_PATHS = (
					"$(inherited)",
					"@executable_path/Frameworks",
					"@loader_path/Frameworks",
				);
				PRODUCT_BUNDLE_IDENTIFIER = com.slon.TestsTests;
				PRODUCT_NAME = "$(TARGET_NAME)";
				SWIFT_VERSION = 4.2;
				TARGETED_DEVICE_FAMILY = "1,2";
				TEST_HOST = "$(BUILT_PRODUCTS_DIR)/Tests.app/Tests";
			};
			name = Debug;
		};
		E88AE28F234D3F01000B6FC0 /* Release */ = {
			isa = XCBuildConfiguration;
			baseConfigurationReference = F99CD79B743F54585E4A9CA5 /* Pods-TestsTests.release.xcconfig */;
			buildSettings = {
				BUNDLE_LOADER = "$(TEST_HOST)";
				CODE_SIGN_STYLE = Automatic;
				DEVELOPMENT_TEAM = 22AFPHX3AU;
				ENABLE_TESTABILITY = YES;
				INFOPLIST_FILE = Tests/Info.plist;
				IPHONEOS_DEPLOYMENT_TARGET = 13.0;
				LD_RUNPATH_SEARCH_PATHS = (
					"$(inherited)",
					"@executable_path/Frameworks",
					"@loader_path/Frameworks",
				);
				PRODUCT_BUNDLE_IDENTIFIER = com.slon.TestsTests;
				PRODUCT_NAME = "$(TARGET_NAME)";
				SWIFT_VERSION = 4.2;
				TARGETED_DEVICE_FAMILY = "1,2";
				TEST_HOST = "$(BUILT_PRODUCTS_DIR)/Tests.app/Tests";
			};
			name = Release;
		};
		E88AE291234D3F01000B6FC0 /* Debug */ = {
			isa = XCBuildConfiguration;
			baseConfigurationReference = 5BFAE53CCB0976C090655E6E /* Pods-TestsUITests.debug.xcconfig */;
			buildSettings = {
				CODE_SIGN_STYLE = Automatic;
				DEVELOPMENT_TEAM = 22AFPHX3AU;
				ENABLE_TESTABILITY = YES;
				INFOPLIST_FILE = UITests/Info.plist;
				IPHONEOS_DEPLOYMENT_TARGET = 13.0;
				LD_RUNPATH_SEARCH_PATHS = (
					"$(inherited)",
					"@executable_path/Frameworks",
					"@loader_path/Frameworks",
				);
				PRODUCT_BUNDLE_IDENTIFIER = com.slon.TestsUITests;
				PRODUCT_NAME = "$(TARGET_NAME)";
				SWIFT_VERSION = 4.2;
				TARGETED_DEVICE_FAMILY = "1,2";
				TEST_TARGET_NAME = Tests;
			};
			name = Debug;
		};
		E88AE292234D3F01000B6FC0 /* Release */ = {
			isa = XCBuildConfiguration;
			baseConfigurationReference = F3AE6A456EFA7110D586D3BC /* Pods-TestsUITests.release.xcconfig */;
			buildSettings = {
				CODE_SIGN_STYLE = Automatic;
				DEVELOPMENT_TEAM = 22AFPHX3AU;
				ENABLE_TESTABILITY = YES;
				INFOPLIST_FILE = UITests/Info.plist;
				IPHONEOS_DEPLOYMENT_TARGET = 13.0;
				LD_RUNPATH_SEARCH_PATHS = (
					"$(inherited)",
					"@executable_path/Frameworks",
					"@loader_path/Frameworks",
				);
				PRODUCT_BUNDLE_IDENTIFIER = com.slon.TestsUITests;
				PRODUCT_NAME = "$(TARGET_NAME)";
				SWIFT_VERSION = 4.2;
				TARGETED_DEVICE_FAMILY = "1,2";
				TEST_TARGET_NAME = Tests;
			};
			name = Release;
		};
/* End XCBuildConfiguration section */

/* Begin XCConfigurationList section */
		E88AE25B234D3F00000B6FC0 /* Build configuration list for PBXProject "Tests" */ = {
			isa = XCConfigurationList;
			buildConfigurations = (
				E88AE288234D3F01000B6FC0 /* Debug */,
				E88AE289234D3F01000B6FC0 /* Release */,
			);
			defaultConfigurationIsVisible = 0;
			defaultConfigurationName = Release;
		};
		E88AE28A234D3F01000B6FC0 /* Build configuration list for PBXNativeTarget "Tests" */ = {
			isa = XCConfigurationList;
			buildConfigurations = (
				E88AE28B234D3F01000B6FC0 /* Debug */,
				E88AE28C234D3F01000B6FC0 /* Release */,
			);
			defaultConfigurationIsVisible = 0;
			defaultConfigurationName = Release;
		};
		E88AE28D234D3F01000B6FC0 /* Build configuration list for PBXNativeTarget "TestsTests" */ = {
			isa = XCConfigurationList;
			buildConfigurations = (
				E88AE28E234D3F01000B6FC0 /* Debug */,
				E88AE28F234D3F01000B6FC0 /* Release */,
			);
			defaultConfigurationIsVisible = 0;
			defaultConfigurationName = Release;
		};
		E88AE290234D3F01000B6FC0 /* Build configuration list for PBXNativeTarget "TestsUITests" */ = {
			isa = XCConfigurationList;
			buildConfigurations = (
				E88AE291234D3F01000B6FC0 /* Debug */,
				E88AE292234D3F01000B6FC0 /* Release */,
			);
			defaultConfigurationIsVisible = 0;
			defaultConfigurationName = Release;
		};
/* End XCConfigurationList section */
	};
	rootObject = E88AE258234D3F00000B6FC0 /* Project object */;
}
